
Microsoft Visual Studio Solution File, Format Version 12.00
# Visual Studio Version 17
VisualStudioVersion = 17.10.35122.118
MinimumVisualStudioVersion = 10.0.40219.1
Project("{9A19103F-16F7-4668-BE54-9A1E7A4F7556}") = "LAB_1.1", "LAB_1.1\LAB_1.1.csproj", "{F872F605-90A2-48CB-B616-82EBF43BA8F0}"
EndProject
Project("{9A19103F-16F7-4668-BE54-9A1E7A4F7556}") = "LAB_1.2", "LAB_1.2\LAB_1.2.csproj", "{0476706D-20FB-45F3-83B5-C07B0A88E75F}"
EndProject
Project("{9A19103F-16F7-4668-BE54-9A1E7A4F7556}") = "LAB_1.3", "LAB_1.3\LAB_1.3.csproj", "{BFA38BD5-BECE-4998-8CA2-1CAC3DF6EC22}"
EndProject
Project("{9A19103F-16F7-4668-BE54-9A1E7A4F7556}") = "LAB_2.1", "LAB_2.1\LAB_2.1.csproj", "{B90B48A3-A779-48FE-A40B-7FB8259F75E8}"
EndProject
Project("{9A19103F-16F7-4668-BE54-9A1E7A4F7556}") = "LAB_2.2", "LAB_2.2\LAB_2.2.csproj", "{88BD193F-FEED-4547-8615-344E1C0B4753}"
EndProject
Project("{9A19103F-16F7-4668-BE54-9A1E7A4F7556}") = "LAB_2.3_with_functions", "LAB_2.3_with_functions\LAB_2.3_with_functions.csproj", "{85506A3D-9735-4E3C-B368-C44B24E53C1F}"
EndProject
Project("{9A19103F-16F7-4668-BE54-9A1E7A4F7556}") = "LAB_2.3", "LAB_2.3\LAB_2.3.csproj", "{F8111DC0-D191-4950-B0C9-EA0AEA54C2FF}"
EndProject
Project("{9A19103F-16F7-4668-BE54-9A1E7A4F7556}") = "LAB_3.1", "LAB_3.1\LAB_3.1.csproj", "{02A7E3CF-E6E7-48E3-B161-02880323791B}"
EndProject
Project("{9A19103F-16F7-4668-BE54-9A1E7A4F7556}") = "LAB_3.2", "LAB_3.2\LAB_3.2.csproj", "{CBEA2651-BCC5-4858-BDC9-A6D75CAA1613}"
EndProject
Project("{9A19103F-16F7-4668-BE54-9A1E7A4F7556}") = "LAB_3.3", "LAB_3.3\LAB_3.3.csproj", "{D1825D3F-6924-4D1A-830A-F360DF64ADC7}"
EndProject
Project("{9A19103F-16F7-4668-BE54-9A1E7A4F7556}") = "LAB_3.4", "LAB_3.4\LAB_3.4.csproj", "{DAC506D7-7233-4ECE-95E7-CDAEEB43642B}"
EndProject
Project("{9A19103F-16F7-4668-BE54-9A1E7A4F7556}") = "LAB_4.1", "LAB_4.1\LAB_4.1.csproj", "{96C6DCD1-7869-4D0A-B757-48C4ACF707DD}"
EndProject
Project("{9A19103F-16F7-4668-BE54-9A1E7A4F7556}") = "LAB_4.2", "LAB_4.2\LAB_4.2.csproj", "{0DE4C795-4CF7-48D8-81C8-D8035ADFDA54}"
EndProject
Project("{9A19103F-16F7-4668-BE54-9A1E7A4F7556}") = "LAB_5.1", "LAB_5.1\LAB_5.1.csproj", "{F2E57D03-1BDB-43B5-907A-A578947F407E}"
EndProject
Project("{9A19103F-16F7-4668-BE54-9A1E7A4F7556}") = "LAB_5.2", "LAB_5.2\LAB_5.2.csproj", "{D66A317A-2429-4BC5-B7BF-6D2DBF6EE5EB}"
EndProject
Project("{9A19103F-16F7-4668-BE54-9A1E7A4F7556}") = "LAB_6.1", "LAB_6.1\LAB_6.1.csproj", "{F631FEF9-2160-4A73-8B44-F58AECD06420}"
EndProject
Project("{9A19103F-16F7-4668-BE54-9A1E7A4F7556}") = "LAB_7.1", "LAB_7.1\LAB_7.1.csproj", "{B2759BA8-58B3-4385-AF11-81B97F382D14}"
EndProject
Project("{9A19103F-16F7-4668-BE54-9A1E7A4F7556}") = "ClassLibr_6_2", "ClassLibr_6_2\ClassLibr_6_2.csproj", "{EBB8EE49-8C3E-4030-B607-C5BACFAAAF9B}"
EndProject
Project("{9A19103F-16F7-4668-BE54-9A1E7A4F7556}") = "LAB_6.2", "LAB_6.2\LAB_6.2.csproj", "{B92A282B-A906-4B36-A793-15BC5D5CE400}"
EndProject
Project("{FAE04EC0-301F-11D3-BF4B-00C04F79EFBC}") = "LAB_11", "LAB_11\LAB_11.csproj", "{F97E1600-3D09-40AF-8A79-EC837060650F}"
EndProject
Global
	GlobalSection(SolutionConfigurationPlatforms) = preSolution
		Debug|Any CPU = Debug|Any CPU
		Release|Any CPU = Release|Any CPU
	EndGlobalSection
	GlobalSection(ProjectConfigurationPlatforms) = postSolution
		{F872F605-90A2-48CB-B616-82EBF43BA8F0}.Debug|Any CPU.ActiveCfg = Debug|Any CPU
		{F872F605-90A2-48CB-B616-82EBF43BA8F0}.Debug|Any CPU.Build.0 = Debug|Any CPU
		{F872F605-90A2-48CB-B616-82EBF43BA8F0}.Release|Any CPU.ActiveCfg = Release|Any CPU
		{F872F605-90A2-48CB-B616-82EBF43BA8F0}.Release|Any CPU.Build.0 = Release|Any CPU
		{0476706D-20FB-45F3-83B5-C07B0A88E75F}.Debug|Any CPU.ActiveCfg = Debug|Any CPU
		{0476706D-20FB-45F3-83B5-C07B0A88E75F}.Debug|Any CPU.Build.0 = Debug|Any CPU
		{0476706D-20FB-45F3-83B5-C07B0A88E75F}.Release|Any CPU.ActiveCfg = Release|Any CPU
		{0476706D-20FB-45F3-83B5-C07B0A88E75F}.Release|Any CPU.Build.0 = Release|Any CPU
		{BFA38BD5-BECE-4998-8CA2-1CAC3DF6EC22}.Debug|Any CPU.ActiveCfg = Debug|Any CPU
		{BFA38BD5-BECE-4998-8CA2-1CAC3DF6EC22}.Debug|Any CPU.Build.0 = Debug|Any CPU
		{BFA38BD5-BECE-4998-8CA2-1CAC3DF6EC22}.Release|Any CPU.ActiveCfg = Release|Any CPU
		{BFA38BD5-BECE-4998-8CA2-1CAC3DF6EC22}.Release|Any CPU.Build.0 = Release|Any CPU
		{B90B48A3-A779-48FE-A40B-7FB8259F75E8}.Debug|Any CPU.ActiveCfg = Debug|Any CPU
		{B90B48A3-A779-48FE-A40B-7FB8259F75E8}.Debug|Any CPU.Build.0 = Debug|Any CPU
		{B90B48A3-A779-48FE-A40B-7FB8259F75E8}.Release|Any CPU.ActiveCfg = Release|Any CPU
		{B90B48A3-A779-48FE-A40B-7FB8259F75E8}.Release|Any CPU.Build.0 = Release|Any CPU
		{88BD193F-FEED-4547-8615-344E1C0B4753}.Debug|Any CPU.ActiveCfg = Debug|Any CPU
		{88BD193F-FEED-4547-8615-344E1C0B4753}.Debug|Any CPU.Build.0 = Debug|Any CPU
		{88BD193F-FEED-4547-8615-344E1C0B4753}.Release|Any CPU.ActiveCfg = Release|Any CPU
		{88BD193F-FEED-4547-8615-344E1C0B4753}.Release|Any CPU.Build.0 = Release|Any CPU
		{85506A3D-9735-4E3C-B368-C44B24E53C1F}.Debug|Any CPU.ActiveCfg = Debug|Any CPU
		{85506A3D-9735-4E3C-B368-C44B24E53C1F}.Debug|Any CPU.Build.0 = Debug|Any CPU
		{85506A3D-9735-4E3C-B368-C44B24E53C1F}.Release|Any CPU.ActiveCfg = Release|Any CPU
		{85506A3D-9735-4E3C-B368-C44B24E53C1F}.Release|Any CPU.Build.0 = Release|Any CPU
		{F8111DC0-D191-4950-B0C9-EA0AEA54C2FF}.Debug|Any CPU.ActiveCfg = Debug|Any CPU
		{F8111DC0-D191-4950-B0C9-EA0AEA54C2FF}.Debug|Any CPU.Build.0 = Debug|Any CPU
		{F8111DC0-D191-4950-B0C9-EA0AEA54C2FF}.Release|Any CPU.ActiveCfg = Release|Any CPU
		{F8111DC0-D191-4950-B0C9-EA0AEA54C2FF}.Release|Any CPU.Build.0 = Release|Any CPU
		{02A7E3CF-E6E7-48E3-B161-02880323791B}.Debug|Any CPU.ActiveCfg = Debug|Any CPU
		{02A7E3CF-E6E7-48E3-B161-02880323791B}.Debug|Any CPU.Build.0 = Debug|Any CPU
		{02A7E3CF-E6E7-48E3-B161-02880323791B}.Release|Any CPU.ActiveCfg = Release|Any CPU
		{02A7E3CF-E6E7-48E3-B161-02880323791B}.Release|Any CPU.Build.0 = Release|Any CPU
		{CBEA2651-BCC5-4858-BDC9-A6D75CAA1613}.Debug|Any CPU.ActiveCfg = Debug|Any CPU
		{CBEA2651-BCC5-4858-BDC9-A6D75CAA1613}.Debug|Any CPU.Build.0 = Debug|Any CPU
		{CBEA2651-BCC5-4858-BDC9-A6D75CAA1613}.Release|Any CPU.ActiveCfg = Release|Any CPU
		{CBEA2651-BCC5-4858-BDC9-A6D75CAA1613}.Release|Any CPU.Build.0 = Release|Any CPU
		{D1825D3F-6924-4D1A-830A-F360DF64ADC7}.Debug|Any CPU.ActiveCfg = Debug|Any CPU
		{D1825D3F-6924-4D1A-830A-F360DF64ADC7}.Debug|Any CPU.Build.0 = Debug|Any CPU
		{D1825D3F-6924-4D1A-830A-F360DF64ADC7}.Release|Any CPU.ActiveCfg = Release|Any CPU
		{D1825D3F-6924-4D1A-830A-F360DF64ADC7}.Release|Any CPU.Build.0 = Release|Any CPU
		{DAC506D7-7233-4ECE-95E7-CDAEEB43642B}.Debug|Any CPU.ActiveCfg = Debug|Any CPU
		{DAC506D7-7233-4ECE-95E7-CDAEEB43642B}.Debug|Any CPU.Build.0 = Debug|Any CPU
		{DAC506D7-7233-4ECE-95E7-CDAEEB43642B}.Release|Any CPU.ActiveCfg = Release|Any CPU
		{DAC506D7-7233-4ECE-95E7-CDAEEB43642B}.Release|Any CPU.Build.0 = Release|Any CPU
		{96C6DCD1-7869-4D0A-B757-48C4ACF707DD}.Debug|Any CPU.ActiveCfg = Debug|Any CPU
		{96C6DCD1-7869-4D0A-B757-48C4ACF707DD}.Debug|Any CPU.Build.0 = Debug|Any CPU
		{96C6DCD1-7869-4D0A-B757-48C4ACF707DD}.Release|Any CPU.ActiveCfg = Release|Any CPU
		{96C6DCD1-7869-4D0A-B757-48C4ACF707DD}.Release|Any CPU.Build.0 = Release|Any CPU
		{0DE4C795-4CF7-48D8-81C8-D8035ADFDA54}.Debug|Any CPU.ActiveCfg = Debug|Any CPU
		{0DE4C795-4CF7-48D8-81C8-D8035ADFDA54}.Debug|Any CPU.Build.0 = Debug|Any CPU
		{0DE4C795-4CF7-48D8-81C8-D8035ADFDA54}.Release|Any CPU.ActiveCfg = Release|Any CPU
		{0DE4C795-4CF7-48D8-81C8-D8035ADFDA54}.Release|Any CPU.Build.0 = Release|Any CPU
		{F2E57D03-1BDB-43B5-907A-A578947F407E}.Debug|Any CPU.ActiveCfg = Debug|Any CPU
		{F2E57D03-1BDB-43B5-907A-A578947F407E}.Debug|Any CPU.Build.0 = Debug|Any CPU
		{F2E57D03-1BDB-43B5-907A-A578947F407E}.Release|Any CPU.ActiveCfg = Release|Any CPU
		{F2E57D03-1BDB-43B5-907A-A578947F407E}.Release|Any CPU.Build.0 = Release|Any CPU
		{D66A317A-2429-4BC5-B7BF-6D2DBF6EE5EB}.Debug|Any CPU.ActiveCfg = Debug|Any CPU
		{D66A317A-2429-4BC5-B7BF-6D2DBF6EE5EB}.Debug|Any CPU.Build.0 = Debug|Any CPU
		{D66A317A-2429-4BC5-B7BF-6D2DBF6EE5EB}.Release|Any CPU.ActiveCfg = Release|Any CPU
		{D66A317A-2429-4BC5-B7BF-6D2DBF6EE5EB}.Release|Any CPU.Build.0 = Release|Any CPU
		{F631FEF9-2160-4A73-8B44-F58AECD06420}.Debug|Any CPU.ActiveCfg = Debug|Any CPU
		{F631FEF9-2160-4A73-8B44-F58AECD06420}.Debug|Any CPU.Build.0 = Debug|Any CPU
		{F631FEF9-2160-4A73-8B44-F58AECD06420}.Release|Any CPU.ActiveCfg = Release|Any CPU
		{F631FEF9-2160-4A73-8B44-F58AECD06420}.Release|Any CPU.Build.0 = Release|Any CPU
		{B2759BA8-58B3-4385-AF11-81B97F382D14}.Debug|Any CPU.ActiveCfg = Debug|Any CPU
		{B2759BA8-58B3-4385-AF11-81B97F382D14}.Debug|Any CPU.Build.0 = Debug|Any CPU
		{B2759BA8-58B3-4385-AF11-81B97F382D14}.Release|Any CPU.ActiveCfg = Release|Any CPU
		{B2759BA8-58B3-4385-AF11-81B97F382D14}.Release|Any CPU.Build.0 = Release|Any CPU
		{EBB8EE49-8C3E-4030-B607-C5BACFAAAF9B}.Debug|Any CPU.ActiveCfg = Debug|Any CPU
		{EBB8EE49-8C3E-4030-B607-C5BACFAAAF9B}.Debug|Any CPU.Build.0 = Debug|Any CPU
		{EBB8EE49-8C3E-4030-B607-C5BACFAAAF9B}.Release|Any CPU.ActiveCfg = Release|Any CPU
		{EBB8EE49-8C3E-4030-B607-C5BACFAAAF9B}.Release|Any CPU.Build.0 = Release|Any CPU
		{B92A282B-A906-4B36-A793-15BC5D5CE400}.Debug|Any CPU.ActiveCfg = Debug|Any CPU
		{B92A282B-A906-4B36-A793-15BC5D5CE400}.Debug|Any CPU.Build.0 = Debug|Any CPU
		{B92A282B-A906-4B36-A793-15BC5D5CE400}.Release|Any CPU.ActiveCfg = Release|Any CPU
		{B92A282B-A906-4B36-A793-15BC5D5CE400}.Release|Any CPU.Build.0 = Release|Any CPU
		{F97E1600-3D09-40AF-8A79-EC837060650F}.Debug|Any CPU.ActiveCfg = Debug|Any CPU
		{F97E1600-3D09-40AF-8A79-EC837060650F}.Debug|Any CPU.Build.0 = Debug|Any CPU
		{F97E1600-3D09-40AF-8A79-EC837060650F}.Release|Any CPU.ActiveCfg = Release|Any CPU
		{F97E1600-3D09-40AF-8A79-EC837060650F}.Release|Any CPU.Build.0 = Release|Any CPU
	EndGlobalSection
	GlobalSection(SolutionProperties) = preSolution
		HideSolutionNode = FALSE
	EndGlobalSection
	GlobalSection(ExtensibilityGlobals) = postSolution
		SolutionGuid = {B21CAE31-8998-4D0F-AF34-BEACF4F56B84}
	EndGlobalSection
EndGlobal
